// !$*UTF8*$!
{
	archiveVersion = 1;
	classes = {
	};
	objectVersion = 46;
	objects = {

/* Begin PBXBuildFile section */
		4C48BCEA1AB8CDC200B88369 /* main.m in Sources */ = {isa = PBXBuildFile; fileRef = 4C48BCE91AB8CDC200B88369 /* main.m */; };
		4C48BCED1AB8CDC200B88369 /* AppDelegate.m in Sources */ = {isa = PBXBuildFile; fileRef = 4C48BCEC1AB8CDC200B88369 /* AppDelegate.m */; };
		4C48BCF01AB8CDC200B88369 /* ViewController.m in Sources */ = {isa = PBXBuildFile; fileRef = 4C48BCEF1AB8CDC200B88369 /* ViewController.m */; };
		4C48BCF31AB8CDC200B88369 /* Main.storyboard in Resources */ = {isa = PBXBuildFile; fileRef = 4C48BCF11AB8CDC200B88369 /* Main.storyboard */; };
		4C48BCF51AB8CDC200B88369 /* Images.xcassets in Resources */ = {isa = PBXBuildFile; fileRef = 4C48BCF41AB8CDC200B88369 /* Images.xcassets */; };
		4C48BCF81AB8CDC300B88369 /* LaunchScreen.xib in Resources */ = {isa = PBXBuildFile; fileRef = 4C48BCF61AB8CDC300B88369 /* LaunchScreen.xib */; };
		4C48BD041AB8CDC300B88369 /* NotyTests.m in Sources */ = {isa = PBXBuildFile; fileRef = 4C48BD031AB8CDC300B88369 /* NotyTests.m */; };
		4C48BD101AB8D05A00B88369 /* Note.m in Sources */ = {isa = PBXBuildFile; fileRef = 4C48BD0F1AB8D05A00B88369 /* Note.m */; };
		4C541A891ABA85770021B50C /* GYActionCounter.m in Sources */ = {isa = PBXBuildFile; fileRef = 4C541A881ABA85770021B50C /* GYActionCounter.m */; };
		4C541A8F1ABAC2AC0021B50C /* ConflictViewController.m in Sources */ = {isa = PBXBuildFile; fileRef = 4C541A8E1ABAC2AC0021B50C /* ConflictViewController.m */; };
		4CB086AD1AB8E47C00E6B24D /* ListViewController.m in Sources */ = {isa = PBXBuildFile; fileRef = 4CB086AC1AB8E47C00E6B24D /* ListViewController.m */; };
/* End PBXBuildFile section */

/* Begin PBXContainerItemProxy section */
		4C48BCFE1AB8CDC300B88369 /* PBXContainerItemProxy */ = {
			isa = PBXContainerItemProxy;
			containerPortal = 4C48BCDC1AB8CDC100B88369 /* Project object */;
			proxyType = 1;
			remoteGlobalIDString = 4C48BCE31AB8CDC100B88369;
			remoteInfo = Noty;
		};
/* End PBXContainerItemProxy section */

/* Begin PBXFileReference section */
		4C48BCE41AB8CDC200B88369 /* Noty.app */ = {isa = PBXFileReference; explicitFileType = wrapper.application; includeInIndex = 0; path = Noty.app; sourceTree = BUILT_PRODUCTS_DIR; };
		4C48BCE81AB8CDC200B88369 /* Info.plist */ = {isa = PBXFileReference; lastKnownFileType = text.plist.xml; path = Info.plist; sourceTree = "<group>"; };
		4C48BCE91AB8CDC200B88369 /* main.m */ = {isa = PBXFileReference; lastKnownFileType = sourcecode.c.objc; path = main.m; sourceTree = "<group>"; };
		4C48BCEB1AB8CDC200B88369 /* AppDelegate.h */ = {isa = PBXFileReference; lastKnownFileType = sourcecode.c.h; path = AppDelegate.h; sourceTree = "<group>"; };
		4C48BCEC1AB8CDC200B88369 /* AppDelegate.m */ = {isa = PBXFileReference; lastKnownFileType = sourcecode.c.objc; path = AppDelegate.m; sourceTree = "<group>"; };
		4C48BCEE1AB8CDC200B88369 /* ViewController.h */ = {isa = PBXFileReference; lastKnownFileType = sourcecode.c.h; path = ViewController.h; sourceTree = "<group>"; };
		4C48BCEF1AB8CDC200B88369 /* ViewController.m */ = {isa = PBXFileReference; lastKnownFileType = sourcecode.c.objc; path = ViewController.m; sourceTree = "<group>"; };
		4C48BCF21AB8CDC200B88369 /* Base */ = {isa = PBXFileReference; lastKnownFileType = file.storyboard; name = Base; path = Base.lproj/Main.storyboard; sourceTree = "<group>"; };
		4C48BCF41AB8CDC200B88369 /* Images.xcassets */ = {isa = PBXFileReference; lastKnownFileType = folder.assetcatalog; path = Images.xcassets; sourceTree = "<group>"; };
		4C48BCF71AB8CDC300B88369 /* Base */ = {isa = PBXFileReference; lastKnownFileType = file.xib; name = Base; path = Base.lproj/LaunchScreen.xib; sourceTree = "<group>"; };
		4C48BCFD1AB8CDC300B88369 /* NotyTests.xctest */ = {isa = PBXFileReference; explicitFileType = wrapper.cfbundle; includeInIndex = 0; path = NotyTests.xctest; sourceTree = BUILT_PRODUCTS_DIR; };
		4C48BD021AB8CDC300B88369 /* Info.plist */ = {isa = PBXFileReference; lastKnownFileType = text.plist.xml; path = Info.plist; sourceTree = "<group>"; };
		4C48BD031AB8CDC300B88369 /* NotyTests.m */ = {isa = PBXFileReference; lastKnownFileType = sourcecode.c.objc; path = NotyTests.m; sourceTree = "<group>"; };
		4C48BD0E1AB8D05900B88369 /* Note.h */ = {isa = PBXFileReference; fileEncoding = 4; lastKnownFileType = sourcecode.c.h; path = Note.h; sourceTree = "<group>"; };
		4C48BD0F1AB8D05A00B88369 /* Note.m */ = {isa = PBXFileReference; fileEncoding = 4; lastKnownFileType = sourcecode.c.objc; path = Note.m; sourceTree = "<group>"; };
		4C541A841AB915F90021B50C /* Noty.entitlements */ = {isa = PBXFileReference; lastKnownFileType = text.xml; path = Noty.entitlements; sourceTree = "<group>"; };
		4C541A871ABA85770021B50C /* GYActionCounter.h */ = {isa = PBXFileReference; fileEncoding = 4; lastKnownFileType = sourcecode.c.h; path = GYActionCounter.h; sourceTree = "<group>"; };
		4C541A881ABA85770021B50C /* GYActionCounter.m */ = {isa = PBXFileReference; fileEncoding = 4; lastKnownFileType = sourcecode.c.objc; path = GYActionCounter.m; sourceTree = "<group>"; };
		4C541A8D1ABAC2AC0021B50C /* ConflictViewController.h */ = {isa = PBXFileReference; fileEncoding = 4; lastKnownFileType = sourcecode.c.h; path = ConflictViewController.h; sourceTree = "<group>"; };
		4C541A8E1ABAC2AC0021B50C /* ConflictViewController.m */ = {isa = PBXFileReference; fileEncoding = 4; lastKnownFileType = sourcecode.c.objc; path = ConflictViewController.m; sourceTree = "<group>"; };
		4CB086AB1AB8E47C00E6B24D /* ListViewController.h */ = {isa = PBXFileReference; fileEncoding = 4; lastKnownFileType = sourcecode.c.h; path = ListViewController.h; sourceTree = "<group>"; };
		4CB086AC1AB8E47C00E6B24D /* ListViewController.m */ = {isa = PBXFileReference; fileEncoding = 4; lastKnownFileType = sourcecode.c.objc; path = ListViewController.m; sourceTree = "<group>"; };
/* End PBXFileReference section */

/* Begin PBXFrameworksBuildPhase section */
		4C48BCE11AB8CDC100B88369 /* Frameworks */ = {
			isa = PBXFrameworksBuildPhase;
			buildActionMask = 2147483647;
			files = (
			);
			runOnlyForDeploymentPostprocessing = 0;
		};
		4C48BCFA1AB8CDC300B88369 /* Frameworks */ = {
			isa = PBXFrameworksBuildPhase;
			buildActionMask = 2147483647;
			files = (
			);
			runOnlyForDeploymentPostprocessing = 0;
		};
/* End PBXFrameworksBuildPhase section */

/* Begin PBXGroup section */
		4C48BCDB1AB8CDC100B88369 = {
			isa = PBXGroup;
			children = (
				4C48BCE61AB8CDC200B88369 /* Noty */,
				4C48BD001AB8CDC300B88369 /* NotyTests */,
				4C48BCE51AB8CDC200B88369 /* Products */,
			);
			sourceTree = "<group>";
		};
		4C48BCE51AB8CDC200B88369 /* Products */ = {
			isa = PBXGroup;
			children = (
				4C48BCE41AB8CDC200B88369 /* Noty.app */,
				4C48BCFD1AB8CDC300B88369 /* NotyTests.xctest */,
			);
			name = Products;
			sourceTree = "<group>";
		};
		4C48BCE61AB8CDC200B88369 /* Noty */ = {
			isa = PBXGroup;
			children = (
				4C541A841AB915F90021B50C /* Noty.entitlements */,
				4C48BCEB1AB8CDC200B88369 /* AppDelegate.h */,
				4C48BCEC1AB8CDC200B88369 /* AppDelegate.m */,
				4C48BD0E1AB8D05900B88369 /* Note.h */,
				4C48BD0F1AB8D05A00B88369 /* Note.m */,
				4C48BCEE1AB8CDC200B88369 /* ViewController.h */,
				4C48BCEF1AB8CDC200B88369 /* ViewController.m */,
				4C48BCF11AB8CDC200B88369 /* Main.storyboard */,
				4C541A8D1ABAC2AC0021B50C /* ConflictViewController.h */,
				4C541A8E1ABAC2AC0021B50C /* ConflictViewController.m */,
				4CB086AB1AB8E47C00E6B24D /* ListViewController.h */,
				4CB086AC1AB8E47C00E6B24D /* ListViewController.m */,
				4C541A871ABA85770021B50C /* GYActionCounter.h */,
				4C541A881ABA85770021B50C /* GYActionCounter.m */,
				4C48BCF41AB8CDC200B88369 /* Images.xcassets */,
				4C48BCF61AB8CDC300B88369 /* LaunchScreen.xib */,
				4C48BCE71AB8CDC200B88369 /* Supporting Files */,
			);
			path = Noty;
			sourceTree = "<group>";
		};
		4C48BCE71AB8CDC200B88369 /* Supporting Files */ = {
			isa = PBXGroup;
			children = (
				4C48BCE81AB8CDC200B88369 /* Info.plist */,
				4C48BCE91AB8CDC200B88369 /* main.m */,
			);
			name = "Supporting Files";
			sourceTree = "<group>";
		};
		4C48BD001AB8CDC300B88369 /* NotyTests */ = {
			isa = PBXGroup;
			children = (
				4C48BD031AB8CDC300B88369 /* NotyTests.m */,
				4C48BD011AB8CDC300B88369 /* Supporting Files */,
			);
			path = NotyTests;
			sourceTree = "<group>";
		};
		4C48BD011AB8CDC300B88369 /* Supporting Files */ = {
			isa = PBXGroup;
			children = (
				4C48BD021AB8CDC300B88369 /* Info.plist */,
			);
			name = "Supporting Files";
			sourceTree = "<group>";
		};
/* End PBXGroup section */

/* Begin PBXNativeTarget section */
		4C48BCE31AB8CDC100B88369 /* Noty */ = {
			isa = PBXNativeTarget;
			buildConfigurationList = 4C48BD071AB8CDC300B88369 /* Build configuration list for PBXNativeTarget "Noty" */;
			buildPhases = (
				4C48BCE01AB8CDC100B88369 /* Sources */,
				4C48BCE11AB8CDC100B88369 /* Frameworks */,
				4C48BCE21AB8CDC100B88369 /* Resources */,
			);
			buildRules = (
			);
			dependencies = (
			);
			name = Noty;
			productName = Noty;
			productReference = 4C48BCE41AB8CDC200B88369 /* Noty.app */;
			productType = "com.apple.product-type.application";
		};
		4C48BCFC1AB8CDC300B88369 /* NotyTests */ = {
			isa = PBXNativeTarget;
			buildConfigurationList = 4C48BD0A1AB8CDC300B88369 /* Build configuration list for PBXNativeTarget "NotyTests" */;
			buildPhases = (
				4C48BCF91AB8CDC300B88369 /* Sources */,
				4C48BCFA1AB8CDC300B88369 /* Frameworks */,
				4C48BCFB1AB8CDC300B88369 /* Resources */,
			);
			buildRules = (
			);
			dependencies = (
				4C48BCFF1AB8CDC300B88369 /* PBXTargetDependency */,
			);
			name = NotyTests;
			productName = NotyTests;
			productReference = 4C48BCFD1AB8CDC300B88369 /* NotyTests.xctest */;
			productType = "com.apple.product-type.bundle.unit-test";
		};
/* End PBXNativeTarget section */

/* Begin PBXProject section */
		4C48BCDC1AB8CDC100B88369 /* Project object */ = {
			isa = PBXProject;
			attributes = {
				LastUpgradeCheck = 0610;
				ORGANIZATIONNAME = "Guanqing Yan";
				TargetAttributes = {
					4C48BCE31AB8CDC100B88369 = {
						CreatedOnToolsVersion = 6.1.1;
						DevelopmentTeam = 9H8793KMK2;
						SystemCapabilities = {
							com.apple.iCloud = {
								enabled = 1;
							};
						};
					};
					4C48BCFC1AB8CDC300B88369 = {
						CreatedOnToolsVersion = 6.1.1;
						TestTargetID = 4C48BCE31AB8CDC100B88369;
					};
				};
			};
			buildConfigurationList = 4C48BCDF1AB8CDC100B88369 /* Build configuration list for PBXProject "Noty" */;
			compatibilityVersion = "Xcode 3.2";
			developmentRegion = English;
			hasScannedForEncodings = 0;
			knownRegions = (
				en,
				Base,
			);
			mainGroup = 4C48BCDB1AB8CDC100B88369;
			productRefGroup = 4C48BCE51AB8CDC200B88369 /* Products */;
			projectDirPath = "";
			projectRoot = "";
			targets = (
				4C48BCE31AB8CDC100B88369 /* Noty */,
				4C48BCFC1AB8CDC300B88369 /* NotyTests */,
			);
		};
/* End PBXProject section */

/* Begin PBXResourcesBuildPhase section */
		4C48BCE21AB8CDC100B88369 /* Resources */ = {
			isa = PBXResourcesBuildPhase;
			buildActionMask = 2147483647;
			files = (
				4C48BCF31AB8CDC200B88369 /* Main.storyboard in Resources */,
				4C48BCF81AB8CDC300B88369 /* LaunchScreen.xib in Resources */,
				4C48BCF51AB8CDC200B88369 /* Images.xcassets in Resources */,
			);
			runOnlyForDeploymentPostprocessing = 0;
		};
		4C48BCFB1AB8CDC300B88369 /* Resources */ = {
			isa = PBXResourcesBuildPhase;
			buildActionMask = 2147483647;
			files = (
			);
			runOnlyForDeploymentPostprocessing = 0;
		};
/* End PBXResourcesBuildPhase section */

/* Begin PBXSourcesBuildPhase section */
		4C48BCE01AB8CDC100B88369 /* Sources */ = {
			isa = PBXSourcesBuildPhase;
			buildActionMask = 2147483647;
			files = (
				4C541A891ABA85770021B50C /* GYActionCounter.m in Sources */,
				4CB086AD1AB8E47C00E6B24D /* ListViewController.m in Sources */,
				4C48BCF01AB8CDC200B88369 /* ViewController.m in Sources */,
				4C48BCED1AB8CDC200B88369 /* AppDelegate.m in Sources */,
				4C48BCEA1AB8CDC200B88369 /* main.m in Sources */,
				4C541A8F1ABAC2AC0021B50C /* ConflictViewController.m in Sources */,
				4C48BD101AB8D05A00B88369 /* Note.m in Sources */,
			);
			runOnlyForDeploymentPostprocessing = 0;
		};
		4C48BCF91AB8CDC300B88369 /* Sources */ = {
			isa = PBXSourcesBuildPhase;
			buildActionMask = 2147483647;
			files = (
				4C48BD041AB8CDC300B88369 /* NotyTests.m in Sources */,
			);
			runOnlyForDeploymentPostprocessing = 0;
		};
/* End PBXSourcesBuildPhase section */

/* Begin PBXTargetDependency section */
		4C48BCFF1AB8CDC300B88369 /* PBXTargetDependency */ = {
			isa = PBXTargetDependency;
			target = 4C48BCE31AB8CDC100B88369 /* Noty */;
			targetProxy = 4C48BCFE1AB8CDC300B88369 /* PBXContainerItemProxy */;
		};
/* End PBXTargetDependency section */

/* Begin PBXVariantGroup section */
		4C48BCF11AB8CDC200B88369 /* Main.storyboard */ = {
			isa = PBXVariantGroup;
			children = (
				4C48BCF21AB8CDC200B88369 /* Base */,
			);
			name = Main.storyboard;
			sourceTree = "<group>";
		};
		4C48BCF61AB8CDC300B88369 /* LaunchScreen.xib */ = {
			isa = PBXVariantGroup;
			children = (
				4C48BCF71AB8CDC300B88369 /* Base */,
			);
			name = LaunchScreen.xib;
			sourceTree = "<group>";
		};
/* End PBXVariantGroup section */

/* Begin XCBuildConfiguration section */
		4C48BD051AB8CDC300B88369 /* Debug */ = {
			isa = XCBuildConfiguration;
			buildSettings = {
				ALWAYS_SEARCH_USER_PATHS = NO;
				CLANG_CXX_LANGUAGE_STANDARD = "gnu++0x";
				CLANG_CXX_LIBRARY = "libc++";
				CLANG_ENABLE_MODULES = YES;
				CLANG_ENABLE_OBJC_ARC = YES;
				CLANG_WARN_BOOL_CONVERSION = YES;
				CLANG_WARN_CONSTANT_CONVERSION = YES;
				CLANG_WARN_DIRECT_OBJC_ISA_USAGE = YES_ERROR;
				CLANG_WARN_EMPTY_BODY = YES;
				CLANG_WARN_ENUM_CONVERSION = YES;
				CLANG_WARN_INT_CONVERSION = YES;
				CLANG_WARN_OBJC_ROOT_CLASS = YES_ERROR;
				CLANG_WARN_UNREACHABLE_CODE = YES;
				CLANG_WARN__DUPLICATE_METHOD_MATCH = YES;
				"CODE_SIGN_IDENTITY[sdk=iphoneos*]" = "iPhone Developer";
				COPY_PHASE_STRIP = NO;
				ENABLE_STRICT_OBJC_MSGSEND = YES;
				GCC_C_LANGUAGE_STANDARD = gnu99;
				GCC_DYNAMIC_NO_PIC = NO;
				GCC_OPTIMIZATION_LEVEL = 0;
				GCC_PREPROCESSOR_DEFINITIONS = (
					"DEBUG=1",
					"$(inherited)",
				);
				GCC_SYMBOLS_PRIVATE_EXTERN = NO;
				GCC_WARN_64_TO_32_BIT_CONVERSION = YES;
				GCC_WARN_ABOUT_RETURN_TYPE = YES_ERROR;
				GCC_WARN_UNDECLARED_SELECTOR = YES;
				GCC_WARN_UNINITIALIZED_AUTOS = YES_AGGRESSIVE;
				GCC_WARN_UNUSED_FUNCTION = YES;
				GCC_WARN_UNUSED_VARIABLE = YES;
				IPHONEOS_DEPLOYMENT_TARGET = 7.0;
				MTL_ENABLE_DEBUG_INFO = YES;
				ONLY_ACTIVE_ARCH = YES;
				SDKROOT = iphoneos;
				TARGETED_DEVICE_FAMILY = "1,2";
			};
			name = Debug;
		};
		4C48BD061AB8CDC300B88369 /* Release */ = {
			isa = XCBuildConfiguration;
			buildSettings = {
				ALWAYS_SEARCH_USER_PATHS = NO;
				CLANG_CXX_LANGUAGE_STANDARD = "gnu++0x";
				CLANG_CXX_LIBRARY = "libc++";
				CLANG_ENABLE_MODULES = YES;
				CLANG_ENABLE_OBJC_ARC = YES;
				CLANG_WARN_BOOL_CONVERSION = YES;
				CLANG_WARN_CONSTANT_CONVERSION = YES;
				CLANG_WARN_DIRECT_OBJC_ISA_USAGE = YES_ERROR;
				CLANG_WARN_EMPTY_BODY = YES;
				CLANG_WARN_ENUM_CONVERSION = YES;
				CLANG_WARN_INT_CONVERSION = YES;
				CLANG_WARN_OBJC_ROOT_CLASS = YES_ERROR;
				CLANG_WARN_UNREACHABLE_CODE = YES;
				CLANG_WARN__DUPLICATE_METHOD_MATCH = YES;
				"CODE_SIGN_IDENTITY[sdk=iphoneos*]" = "iPhone Developer";
				COPY_PHASE_STRIP = YES;
				ENABLE_NS_ASSERTIONS = NO;
				ENABLE_STRICT_OBJC_MSGSEND = YES;
				GCC_C_LANGUAGE_STANDARD = gnu99;
				GCC_WARN_64_TO_32_BIT_CONVERSION = YES;
				GCC_WARN_ABOUT_RETURN_TYPE = YES_ERROR;
				GCC_WARN_UNDECLARED_SELECTOR = YES;
				GCC_WARN_UNINITIALIZED_AUTOS = YES_AGGRESSIVE;
				GCC_WARN_UNUSED_FUNCTION = YES;
				GCC_WARN_UNUSED_VARIABLE = YES;
				IPHONEOS_DEPLOYMENT_TARGET = 7.0;
				MTL_ENABLE_DEBUG_INFO = NO;
				SDKROOT = iphoneos;
				TARGETED_DEVICE_FAMILY = "1,2";
				VALIDATE_PRODUCT = YES;
			};
			name = Release;
		};
		4C48BD081AB8CDC300B88369 /* Debug */ = {
			isa = XCBuildConfiguration;
			buildSettings = {
				ASSETCATALOG_COMPILER_APPICON_NAME = AppIcon;
				CODE_SIGN_ENTITLEMENTS = Noty/Noty.entitlements;
				CODE_SIGN_IDENTITY = "iPhone Developer";
				"CODE_SIGN_IDENTITY[sdk=*]" = "iPhone Developer";
				"CODE_SIGN_IDENTITY[sdk=iphoneos*]" = "iPhone Developer";
				INFOPLIST_FILE = Noty/Info.plist;
				IPHONEOS_DEPLOYMENT_TARGET = 8.0;
				LD_RUNPATH_SEARCH_PATHS = "$(inherited) @executable_path/Frameworks";
				PRODUCT_NAME = "$(TARGET_NAME)";
				PROVISIONING_PROFILE = "b0a7ca3d-efe8-439c-8dff-d01aad7e755b";
			};
			name = Debug;
		};
		4C48BD091AB8CDC300B88369 /* Release */ = {
			isa = XCBuildConfiguration;
			buildSettings = {
				ASSETCATALOG_COMPILER_APPICON_NAME = AppIcon;
				CODE_SIGN_ENTITLEMENTS = Noty/Noty.entitlements;
				CODE_SIGN_IDENTITY = "iPhone Developer";
				"CODE_SIGN_IDENTITY[sdk=iphoneos*]" = "iPhone Developer";
				INFOPLIST_FILE = Noty/Info.plist;
				IPHONEOS_DEPLOYMENT_TARGET = 8.0;
				LD_RUNPATH_SEARCH_PATHS = "$(inherited) @executable_path/Frameworks";
				PRODUCT_NAME = "$(TARGET_NAME)";
				PROVISIONING_PROFILE = "b0a7ca3d-efe8-439c-8dff-d01aad7e755b";
			};
			name = Release;
		};
		4C48BD0B1AB8CDC300B88369 /* Debug */ = {
			isa = XCBuildConfiguration;
			buildSettings = {
				BUNDLE_LOADER = "$(TEST_HOST)";
				FRAMEWORK_SEARCH_PATHS = (
					"$(SDKROOT)/Developer/Library/Frameworks",
					"$(inherited)",
				);
				GCC_PREPROCESSOR_DEFINITIONS = (
					"DEBUG=1",
					"$(inherited)",
				);
				INFOPLIST_FILE = NotyTests/Info.plist;
				LD_RUNPATH_SEARCH_PATHS = "$(inherited) @executable_path/Frameworks @loader_path/Frameworks";
				PRODUCT_NAME = "$(TARGET_NAME)";
				TEST_HOST = "$(BUILT_PRODUCTS_DIR)/Noty.app/Noty";
			};
			name = Debug;
		};
		4C48BD0C1AB8CDC300B88369 /* Release */ = {
			isa = XCBuildConfiguration;
			buildSettings = {
				BUNDLE_LOADER = "$(TEST_HOST)";
				FRAMEWORK_SEARCH_PATHS = (
					"$(SDKROOT)/Developer/Library/Frameworks",
					"$(inherited)",
				);
				INFOPLIST_FILE = NotyTests/Info.plist;
				LD_RUNPATH_SEARCH_PATHS = "$(inherited) @executable_path/Frameworks @loader_path/Frameworks";
				PRODUCT_NAME = "$(TARGET_NAME)";
				TEST_HOST = "$(BUILT_PRODUCTS_DIR)/Noty.app/Noty";
			};
			name = Release;
		};
/* End XCBuildConfiguration section */

/* Begin XCConfigurationList section */
		4C48BCDF1AB8CDC100B88369 /* Build configuration list for PBXProject "Noty" */ = {
			isa = XCConfigurationList;
			buildConfigurations = (
				4C48BD051AB8CDC300B88369 /* Debug */,
				4C48BD061AB8CDC300B88369 /* Release */,
			);
			defaultConfigurationIsVisible = 0;
			defaultConfigurationName = Release;
		};
		4C48BD071AB8CDC300B88369 /* Build configuration list for PBXNativeTarget "Noty" */ = {
			isa = XCConfigurationList;
			buildConfigurations = (
				4C48BD081AB8CDC300B88369 /* Debug */,
				4C48BD091AB8CDC300B88369 /* Release */,
			);
			defaultConfigurationIsVisible = 0;
			defaultConfigurationName = Release;
		};
		4C48BD0A1AB8CDC300B88369 /* Build configuration list for PBXNativeTarget "NotyTests" */ = {
			isa = XCConfigurationList;
			buildConfigurations = (
				4C48BD0B1AB8CDC300B88369 /* Debug */,
				4C48BD0C1AB8CDC300B88369 /* Release */,
			);
			defaultConfigurationIsVisible = 0;
			defaultConfigurationName = Release;
		};
/* End XCConfigurationList section */
	};
	rootObject = 4C48BCDC1AB8CDC100B88369 /* Project object */;
}
